
Microsoft Visual Studio Solution File, Format Version 12.00
# Visual Studio 15
VisualStudioVersion = 15.0.27428.2015
MinimumVisualStudioVersion = 10.0.40219.1
Project("{8BC9CEB8-8B4A-11D0-8D11-00A0C91BC942}") = "HelloWorldCpp", "HelloWorldCpp\HelloWorldCpp.vcxproj", "{64400692-6FD1-40BD-AE1B-7D73AE2E6AC9}"
EndProject
Project("{888888A0-9F3D-457C-B088-3A5042F75D52}") = "HelloWorldPy", "HelloWorldPy\HelloWorldPy.pyproj", "{B8D92CAB-A468-4174-B0FA-D8C2261E9B08}"
EndProject
Global
	GlobalSection(SolutionConfigurationPlatforms) = preSolution
		Debug|Any CPU = Debug|Any CPU
		Debug|x64 = Debug|x64
		Debug|x86 = Debug|x86
		Release|Any CPU = Release|Any CPU
		Release|x64 = Release|x64
		Release|x86 = Release|x86
	EndGlobalSection
	GlobalSection(ProjectConfigurationPlatforms) = postSolution
		{64400692-6FD1-40BD-AE1B-7D73AE2E6AC9}.Debug|Any CPU.ActiveCfg = Debug|Win32
		{64400692-6FD1-40BD-AE1B-7D73AE2E6AC9}.Debug|x64.ActiveCfg = Debug|x64
		{64400692-6FD1-40BD-AE1B-7D73AE2E6AC9}.Debug|x64.Build.0 = Debug|x64
		{64400692-6FD1-40BD-AE1B-7D73AE2E6AC9}.Debug|x86.ActiveCfg = Debug|Win32
		{64400692-6FD1-40BD-AE1B-7D73AE2E6AC9}.Debug|x86.Build.0 = Debug|Win32
		{64400692-6FD1-40BD-AE1B-7D73AE2E6AC9}.Release|Any CPU.ActiveCfg = Release|Win32
		{64400692-6FD1-40BD-AE1B-7D73AE2E6AC9}.Release|x64.ActiveCfg = Release|x64
		{64400692-6FD1-40BD-AE1B-7D73AE2E6AC9}.Release|x64.Build.0 = Release|x64
		{64400692-6FD1-40BD-AE1B-7D73AE2E6AC9}.Release|x86.ActiveCfg = Release|Win32
		{64400692-6FD1-40BD-AE1B-7D73AE2E6AC9}.Release|x86.Build.0 = Release|Win32
		{B8D92CAB-A468-4174-B0FA-D8C2261E9B08}.Debug|Any CPU.ActiveCfg = Debug|Any CPU
		{B8D92CAB-A468-4174-B0FA-D8C2261E9B08}.Debug|x64.ActiveCfg = Debug|Any CPU
		{B8D92CAB-A468-4174-B0FA-D8C2261E9B08}.Debug|x86.ActiveCfg = Debug|Any CPU
		{B8D92CAB-A468-4174-B0FA-D8C2261E9B08}.Release|Any CPU.ActiveCfg = Release|Any CPU
		{B8D92CAB-A468-4174-B0FA-D8C2261E9B08}.Release|x64.ActiveCfg = Release|Any CPU
		{B8D92CAB-A468-4174-B0FA-D8C2261E9B08}.Release|x86.ActiveCfg = Release|Any CPU
	EndGlobalSection
	GlobalSection(SolutionProperties) = preSolution
		HideSolutionNode = FALSE
	EndGlobalSection
	GlobalSection(ExtensibilityGlobals) = postSolution
		SolutionGuid = {EAB066A7-6AE1-47D9-AAF1-EA5E702DAC0E}
	EndGlobalSection
EndGlobal
